
Microsoft Visual Studio Solution File, Format Version 12.00
# Visual Studio Version 17
VisualStudioVersion = 17.6.33815.320
MinimumVisualStudioVersion = 10.0.40219.1
Project("{FAE04EC0-301F-11D3-BF4B-00C04F79EFBC}") = "nuevoInsertar", "nuevoInsertar\nuevoInsertar.csproj", "{F1EC9F21-7CDE-4873-8D5E-605FDC6EE7D4}"
EndProject
Global
	GlobalSection(SolutionConfigurationPlatforms) = preSolution
		Debug|Any CPU = Debug|Any CPU
		Release|Any CPU = Release|Any CPU
	EndGlobalSection
	GlobalSection(ProjectConfigurationPlatforms) = postSolution
		{F1EC9F21-7CDE-4873-8D5E-605FDC6EE7D4}.Debug|Any CPU.ActiveCfg = Debug|Any CPU
		{F1EC9F21-7CDE-4873-8D5E-605FDC6EE7D4}.Debug|Any CPU.Build.0 = Debug|Any CPU
		{F1EC9F21-7CDE-4873-8D5E-605FDC6EE7D4}.Release|Any CPU.ActiveCfg = Release|Any CPU
		{F1EC9F21-7CDE-4873-8D5E-605FDC6EE7D4}.Release|Any CPU.Build.0 = Release|Any CPU
	EndGlobalSection
	GlobalSection(SolutionProperties) = preSolution
		HideSolutionNode = FALSE
	EndGlobalSection
	GlobalSection(ExtensibilityGlobals) = postSolution
		SolutionGuid = {5F1D59BA-36DD-46B0-A6F4-484013D459C0}
	EndGlobalSection
EndGlobal
