
Microsoft Visual Studio Solution File, Format Version 12.00
# Visual Studio Version 17
VisualStudioVersion = 17.6.33815.320
MinimumVisualStudioVersion = 10.0.40219.1
Project("{FAE04EC0-301F-11D3-BF4B-00C04F79EFBC}") = "Cliente_FTP_Tutorial .NET", "Cliente_FTP_Tutorial .NET.csproj", "{ECB508A8-B6CE-45E7-A088-7212F8A5F266}"
EndProject
Global
	GlobalSection(SolutionConfigurationPlatforms) = preSolution
		Debug|Any CPU = Debug|Any CPU
		Release|Any CPU = Release|Any CPU
	EndGlobalSection
	GlobalSection(ProjectConfigurationPlatforms) = postSolution
		{ECB508A8-B6CE-45E7-A088-7212F8A5F266}.Debug|Any CPU.ActiveCfg = Debug|Any CPU
		{ECB508A8-B6CE-45E7-A088-7212F8A5F266}.Debug|Any CPU.Build.0 = Debug|Any CPU
		{ECB508A8-B6CE-45E7-A088-7212F8A5F266}.Release|Any CPU.ActiveCfg = Release|Any CPU
		{ECB508A8-B6CE-45E7-A088-7212F8A5F266}.Release|Any CPU.Build.0 = Release|Any CPU
	EndGlobalSection
	GlobalSection(SolutionProperties) = preSolution
		HideSolutionNode = FALSE
	EndGlobalSection
	GlobalSection(ExtensibilityGlobals) = postSolution
		SolutionGuid = {3A1CB949-C94C-4948-9BAF-87BBE7F3EE32}
	EndGlobalSection
EndGlobal
