
Microsoft Visual Studio Solution File, Format Version 12.00
# Visual Studio Version 17
VisualStudioVersion = 17.6.33815.320
MinimumVisualStudioVersion = 10.0.40219.1
Project("{FAE04EC0-301F-11D3-BF4B-00C04F79EFBC}") = "WebApplication1", "WebApplication1.csproj", "{3FAD9212-585C-4940-9438-42867D4F3474}"
EndProject
Global
	GlobalSection(SolutionConfigurationPlatforms) = preSolution
		Debug|Any CPU = Debug|Any CPU
		Release|Any CPU = Release|Any CPU
	EndGlobalSection
	GlobalSection(ProjectConfigurationPlatforms) = postSolution
		{3FAD9212-585C-4940-9438-42867D4F3474}.Debug|Any CPU.ActiveCfg = Debug|Any CPU
		{3FAD9212-585C-4940-9438-42867D4F3474}.Debug|Any CPU.Build.0 = Debug|Any CPU
		{3FAD9212-585C-4940-9438-42867D4F3474}.Release|Any CPU.ActiveCfg = Release|Any CPU
		{3FAD9212-585C-4940-9438-42867D4F3474}.Release|Any CPU.Build.0 = Release|Any CPU
	EndGlobalSection
	GlobalSection(SolutionProperties) = preSolution
		HideSolutionNode = FALSE
	EndGlobalSection
	GlobalSection(ExtensibilityGlobals) = postSolution
		SolutionGuid = {D4E2145A-CB06-4A88-BAB8-048A20F5E745}
	EndGlobalSection
EndGlobal
