
Microsoft Visual Studio Solution File, Format Version 12.00
# Visual Studio Version 17
VisualStudioVersion = 17.6.33815.320
MinimumVisualStudioVersion = 10.0.40219.1
Project("{FAE04EC0-301F-11D3-BF4B-00C04F79EFBC}") = "ConsoleApp5", "ConsoleApp5.csproj", "{80A0F15A-07C8-4AE7-8AA4-EBB1F68A1D5A}"
EndProject
Global
	GlobalSection(SolutionConfigurationPlatforms) = preSolution
		Debug|Any CPU = Debug|Any CPU
		Release|Any CPU = Release|Any CPU
	EndGlobalSection
	GlobalSection(ProjectConfigurationPlatforms) = postSolution
		{80A0F15A-07C8-4AE7-8AA4-EBB1F68A1D5A}.Debug|Any CPU.ActiveCfg = Debug|Any CPU
		{80A0F15A-07C8-4AE7-8AA4-EBB1F68A1D5A}.Debug|Any CPU.Build.0 = Debug|Any CPU
		{80A0F15A-07C8-4AE7-8AA4-EBB1F68A1D5A}.Release|Any CPU.ActiveCfg = Release|Any CPU
		{80A0F15A-07C8-4AE7-8AA4-EBB1F68A1D5A}.Release|Any CPU.Build.0 = Release|Any CPU
	EndGlobalSection
	GlobalSection(SolutionProperties) = preSolution
		HideSolutionNode = FALSE
	EndGlobalSection
	GlobalSection(ExtensibilityGlobals) = postSolution
		SolutionGuid = {BB900370-B7B0-41F9-8206-B4D30712AA27}
	EndGlobalSection
EndGlobal
